# THIS IS AN AUTOGENERATED FILE. DO NOT EDIT THIS FILE DIRECTLY.
# yarn lockfile v1


lowdb@^2.1.0:
  version "2.1.0"
  resolved "https://registry.yarnpkg.com/lowdb/-/lowdb-2.1.0.tgz#c8063e228b5ab3e082ece90e0512537ecb6e1e2a"
  integrity sha512-F4Go8/V37gAidTR3c5poyjprOpZSDNSLJVOmI0ny4D4q9rC37OkBhlzX0bqj7LZlT3UIj4FchmZrrSw7qY+eGQ==
  dependencies:
    steno "^1.0.0"

steno@^1.0.0:
  version "1.0.0"
  resolved "https://registry.yarnpkg.com/steno/-/steno-1.0.0.tgz#475e32c6066ec9760229eaaf1550601764fbecba"
  integrity sha512-C/KgCvEa1yWnpHmaPjAXrz1yWxh6hs+HvhqqPa71euaQmNi1wr4+WFo57VQxjKKuFl2KqS7gtlrN0oxj2noQLw==
